PODS:
  - KeyboardLayoutGuide (0.5.0):
    - LifecycleHooks (~> 0.4)
  - LifecycleHooks (0.4.2)

DEPENDENCIES:
  - KeyboardLayoutGuide (from `../`)

EXTERNAL SOURCES:
  KeyboardLayoutGuide:
    :path: ../

SPEC CHECKSUMS:
  KeyboardLayoutGuide: f2951d26f53ca1f097dfbab72ea8a7e0d386feff
  LifecycleHooks: 03f215c899d4c81129aacec37c1c4b44e4ee30cb

PODFILE CHECKSUM: dc5d9e85735fe573ef236d6fdf4c04462047dd88

COCOAPODS: 1.4.0
