PODS:
  - KeyboardLayoutGuide (0.1.1):
    - LifecycleHooks
  - LifecycleHooks (0.1.2)

DEPENDENCIES:
  - KeyboardLayoutGuide (from `../`)

EXTERNAL SOURCES:
  KeyboardLayoutGuide:
    :path: "../"

SPEC CHECKSUMS:
  KeyboardLayoutGuide: 83f03425dd8ba18bfa3cacb50d0447509cb9b09d
  LifecycleHooks: 5ce031cf49eade43899127d3eeb09f9c7b5a263a

COCOAPODS: 0.39.0
